github.com/davecgh/go-spew v1.1.1 h1:vj9j/u1bqnvCEfJOwUhtlOARqs3+rkHYY13jYWTU97c=
github.com/davecgh/go-spew v1.1.1/go.mod h1:J7Y8YcW2NihsgmVo/mv3lAwl/skON4iLHjSsI+c5H38=
github.com/hneemann/parser2 v0.0.0-20240329064008-774c55ae3cc8 h1:2hzPOXKFKg7cgfqy2Vs0Ii0o6ULnNZrXLebgDzG8yFM=
github.com/hneemann/parser2 v0.0.0-20240329064008-774c55ae3cc8/go.mod h1:AMhR5wNnsvCW2NR716giBFFhmXCp26oP1IG3maRmgQg=
github.com/hneemann/parser2 v0.0.0-20251125205354-0e210c0799f8 h1:pCc91PHc5G72ROoh4gzVz9rqhjNiaoCdNCXCRGTDxlA=
github.com/hneemann/parser2 v0.0.0-20251125205354-0e210c0799f8/go.mod h1:7TzXHQvyJ7ZWcRTiAp03vN09yz55Qgbf2hTXS0b6vvE=
github.com/hneemann/session v0.0.0-20250913063335-7e14f66b3d7e h1:ePfhPzTRg+DsP9iR4uXD/wb8zimDtt8Mx+rjJWgaBl8=
github.com/hneemann/session v0.0.0-20250913063335-7e14f66b3d7e/go.mod h1:3lxFYNIGHpgMb2X2fefxmaw6bTH2kmdtNuaWXxh83jQ=
github.com/hneemann/session v0.0.0-20250917051702-4d7e0d523c75 h1:vfQNTAJhWRbpUeb1BGsqCVH08WNJymDjXe99FAThlag=
github.com/hneemann/session v0.0.0-20250917051702-4d7e0d523c75/go.mod h1:3lxFYNIGHpgMb2X2fefxmaw6bTH2kmdtNuaWXxh83jQ=
github.com/pmezard/go-difflib v1.0.0 h1:4DBwDE0NGyQoBHbLQYPwSUPoCMWR5BEzIk/f1lZbAQM=
github.com/pmezard/go-difflib v1.0.0/go.mod h1:iKH77koFhYxTK1pcRnkKkqfTogsbg7gZNVY4sRDYZ/4=
github.com/sigurn/crc16 v0.0.0-20240131213347-83fcde1e29d1 h1:NVK+OqnavpyFmUiKfUMHrpvbCi2VFoWTrcpI7aDaJ2I=
github.com/sigurn/crc16 v0.0.0-20240131213347-83fcde1e29d1/go.mod h1:9/etS5gpQq9BJsJMWg1wpLbfuSnkm8dPF6FdW2JXVhA=
github.com/stretchr/testify v1.10.0 h1:Xv5erBjTwe/5IxqUQTdXv5kgmIvbHo3QQyRwhJsOfJA=
github.com/stretchr/testify v1.10.0/go.mod h1:r2ic/lqez/lEtzL7wO/rwa5dbSLXVDPFyf8C91i36aY=
github.com/stretchr/testify v1.11.1 h1:7s2iGBzp5EwR7/aIZr8ao5+dra3wiQyKjjFuvgVKu7U=
github.com/stretchr/testify v1.11.1/go.mod h1:wZwfW3scLgRK+23gO65QZefKpKQRnfz6sD981Nm4B6U=
golang.org/x/crypto v0.37.0 h1:kJNSjF/Xp7kU0iB2Z+9viTPMW4EqqsrywMXLJOOsXSE=
golang.org/x/crypto v0.37.0/go.mod h1:vg+k43peMZ0pUMhYmVAWysMK35e6ioLh3wB8ZCAfbVc=
golang.org/x/crypto v0.45.0 h1:jMBrvKuj23MTlT0bQEOBcAE0mjg8mK9RXFhRH6nyF3Q=
golang.org/x/crypto v0.45.0/go.mod h1:XTGrrkGJve7CYK7J8PEww4aY7gM3qMCElcJQ8n8JdX4=
gopkg.in/check.v1 v0.0.0-20161208181325-20d25e280405 h1:yhCVgyC4o1eVCa2tZl7eS0r+SDo693bJlVdllGtEeKM=
gopkg.in/check.v1 v0.0.0-20161208181325-20d25e280405/go.mod h1:Co6ibVJAznAaIkqp8huTwlJQCZ016jof/cbN4VW5Yz0=
gopkg.in/yaml.v3 v3.0.1 h1:fxVm/GzAzEWqLHuvctI91KS9hhNmmWOoWu0XTYJS7CA=
gopkg.in/yaml.v3 v3.0.1/go.mod h1:K4uyk7z7BCEPqu6E+C64Yfv1cQ7kz7rIZviUmN+EgEM=
